{
	"name": "@ui-grid/auto-resize",
	"version": "4.8.0",
	"lockfileVersion": 1,
	"requires": true,
	"dependencies": {
		"@ui-grid/core": {
			"version": "4.11.1",
			"resolved": "https://registry.npmjs.org/@ui-grid/core/-/core-4.11.1.tgz",
			"integrity": "sha512-bgSPHVfyLRC9htugYXP6whRcAhRsfB+lqAg7rSi3z/SJwXcZ+DAyK4OFUVcR0y5/yAJEiJyO7LA8LkAHdRg7LA==",
			"requires": {
				"angular": ">=1.4.0 1.8.x"
			}
		},
		"angular": {
			"version": "1.8.3",
			"resolved": "https://registry.npmjs.org/angular/-/angular-1.8.3.tgz",
			"integrity": "sha512-5qjkWIQQVsHj4Sb5TcEs4WZWpFeVFHXwxEBHUhrny41D8UrBAd6T/6nPPAsLngJCReIOqi95W3mxdveveutpZw=="
		}
	}
}
